
Microsoft Visual Studio Solution File, Format Version 12.00
# Visual Studio Version 16
VisualStudioVersion = 16.0.29215.179
MinimumVisualStudioVersion = 10.0.40219.1
Project("{FAE04EC0-301F-11D3-BF4B-00C04F79EFBC}") = "finalPA", "finalPA\finalPA.csproj", "{531435AC-2CE5-42DA-A42F-10F573BCAC4B}"
EndProject
Global
	GlobalSection(SolutionConfigurationPlatforms) = preSolution
		Debug|Any CPU = Debug|Any CPU
		Release|Any CPU = Release|Any CPU
	EndGlobalSection
	GlobalSection(ProjectConfigurationPlatforms) = postSolution
		{531435AC-2CE5-42DA-A42F-10F573BCAC4B}.Debug|Any CPU.ActiveCfg = Debug|Any CPU
		{531435AC-2CE5-42DA-A42F-10F573BCAC4B}.Debug|Any CPU.Build.0 = Debug|Any CPU
		{531435AC-2CE5-42DA-A42F-10F573BCAC4B}.Release|Any CPU.ActiveCfg = Release|Any CPU
		{531435AC-2CE5-42DA-A42F-10F573BCAC4B}.Release|Any CPU.Build.0 = Release|Any CPU
	EndGlobalSection
	GlobalSection(SolutionProperties) = preSolution
		HideSolutionNode = FALSE
	EndGlobalSection
	GlobalSection(ExtensibilityGlobals) = postSolution
		SolutionGuid = {0D3A8D55-D669-4051-AE67-5B2EF406AE4D}
	EndGlobalSection
EndGlobal
